
Microsoft Visual Studio Solution File, Format Version 12.00
# Visual Studio 14
VisualStudioVersion = 14.0.25420.1
MinimumVisualStudioVersion = 10.0.40219.1
Project("{FAE04EC0-301F-11D3-BF4B-00C04F79EFBC}") = "Business", "Business\Business.csproj", "{D6E4DB9C-DEC9-4DD8-822C-75589CFD0B4F}"
EndProject
Project("{FAE04EC0-301F-11D3-BF4B-00C04F79EFBC}") = "Presentation", "Presentation\Presentation.csproj", "{3298EF61-A784-4641-8759-72F1E4AB9279}"
EndProject
Project("{FAE04EC0-301F-11D3-BF4B-00C04F79EFBC}") = "DataAcess", "DataAcess\DataAcess.csproj", "{BB8AC726-FA7B-42C3-84C1-D4BBF04CB43B}"
EndProject
Global
	GlobalSection(SolutionConfigurationPlatforms) = preSolution
		Debug|Any CPU = Debug|Any CPU
		Release|Any CPU = Release|Any CPU
	EndGlobalSection
	GlobalSection(ProjectConfigurationPlatforms) = postSolution
		{D6E4DB9C-DEC9-4DD8-822C-75589CFD0B4F}.Debug|Any CPU.ActiveCfg = Debug|Any CPU
		{D6E4DB9C-DEC9-4DD8-822C-75589CFD0B4F}.Debug|Any CPU.Build.0 = Debug|Any CPU
		{D6E4DB9C-DEC9-4DD8-822C-75589CFD0B4F}.Release|Any CPU.ActiveCfg = Release|Any CPU
		{D6E4DB9C-DEC9-4DD8-822C-75589CFD0B4F}.Release|Any CPU.Build.0 = Release|Any CPU
		{3298EF61-A784-4641-8759-72F1E4AB9279}.Debug|Any CPU.ActiveCfg = Debug|Any CPU
		{3298EF61-A784-4641-8759-72F1E4AB9279}.Debug|Any CPU.Build.0 = Debug|Any CPU
		{3298EF61-A784-4641-8759-72F1E4AB9279}.Release|Any CPU.ActiveCfg = Release|Any CPU
		{3298EF61-A784-4641-8759-72F1E4AB9279}.Release|Any CPU.Build.0 = Release|Any CPU
		{BB8AC726-FA7B-42C3-84C1-D4BBF04CB43B}.Debug|Any CPU.ActiveCfg = Debug|Any CPU
		{BB8AC726-FA7B-42C3-84C1-D4BBF04CB43B}.Debug|Any CPU.Build.0 = Debug|Any CPU
		{BB8AC726-FA7B-42C3-84C1-D4BBF04CB43B}.Release|Any CPU.ActiveCfg = Release|Any CPU
		{BB8AC726-FA7B-42C3-84C1-D4BBF04CB43B}.Release|Any CPU.Build.0 = Release|Any CPU
	EndGlobalSection
	GlobalSection(SolutionProperties) = preSolution
		HideSolutionNode = FALSE
	EndGlobalSection
EndGlobal
